// !$*UTF8*$!
{
	archiveVersion = 1;
	classes = {
	};
	objectVersion = 50;
	objects = {

/* Begin PBXBuildFile section */
		79856C5B2537044300D72537 /* AppDelegate.swift in Sources */ = {isa = PBXBuildFile; fileRef = 79856C5A2537044300D72537 /* AppDelegate.swift */; };
		79856C5D2537044300D72537 /* SceneDelegate.swift in Sources */ = {isa = PBXBuildFile; fileRef = 79856C5C2537044300D72537 /* SceneDelegate.swift */; };
		79856C5F2537044300D72537 /* ViewController.swift in Sources */ = {isa = PBXBuildFile; fileRef = 79856C5E2537044300D72537 /* ViewController.swift */; };
		79856C622537044300D72537 /* Main.storyboard in Resources */ = {isa = PBXBuildFile; fileRef = 79856C602537044300D72537 /* Main.storyboard */; };
		79856C642537044700D72537 /* Assets.xcassets in Resources */ = {isa = PBXBuildFile; fileRef = 79856C632537044700D72537 /* Assets.xcassets */; };
		79856C672537044700D72537 /* LaunchScreen.storyboard in Resources */ = {isa = PBXBuildFile; fileRef = 79856C652537044700D72537 /* LaunchScreen.storyboard */; };
		79856C722537044700D72537 /* FastlaneWithCodegenTests.swift in Sources */ = {isa = PBXBuildFile; fileRef = 79856C712537044700D72537 /* FastlaneWithCodegenTests.swift */; };
		79856C7D2537044700D72537 /* FastlaneWithCodegenUITests.swift in Sources */ = {isa = PBXBuildFile; fileRef = 79856C7C2537044700D72537 /* FastlaneWithCodegenUITests.swift */; };
/* End PBXBuildFile section */

/* Begin PBXContainerItemProxy section */
		79856C6E2537044700D72537 /* PBXContainerItemProxy */ = {
			isa = PBXContainerItemProxy;
			containerPortal = 79856C4F2537044300D72537 /* Project object */;
			proxyType = 1;
			remoteGlobalIDString = 79856C562537044300D72537;
			remoteInfo = FastlaneWithCodegen;
		};
		79856C792537044700D72537 /* PBXContainerItemProxy */ = {
			isa = PBXContainerItemProxy;
			containerPortal = 79856C4F2537044300D72537 /* Project object */;
			proxyType = 1;
			remoteGlobalIDString = 79856C562537044300D72537;
			remoteInfo = FastlaneWithCodegen;
		};
/* End PBXContainerItemProxy section */

/* Begin PBXFileReference section */
		79856C572537044300D72537 /* FastlaneWithCodegen.app */ = {isa = PBXFileReference; explicitFileType = wrapper.application; includeInIndex = 0; path = FastlaneWithCodegen.app; sourceTree = BUILT_PRODUCTS_DIR; };
		79856C5A2537044300D72537 /* AppDelegate.swift */ = {isa = PBXFileReference; lastKnownFileType = sourcecode.swift; path = AppDelegate.swift; sourceTree = "<group>"; };
		79856C5C2537044300D72537 /* SceneDelegate.swift */ = {isa = PBXFileReference; lastKnownFileType = sourcecode.swift; path = SceneDelegate.swift; sourceTree = "<group>"; };
		79856C5E2537044300D72537 /* ViewController.swift */ = {isa = PBXFileReference; lastKnownFileType = sourcecode.swift; path = ViewController.swift; sourceTree = "<group>"; };
		79856C612537044300D72537 /* Base */ = {isa = PBXFileReference; lastKnownFileType = file.storyboard; name = Base; path = Base.lproj/Main.storyboard; sourceTree = "<group>"; };
		79856C632537044700D72537 /* Assets.xcassets */ = {isa = PBXFileReference; lastKnownFileType = folder.assetcatalog; path = Assets.xcassets; sourceTree = "<group>"; };
		79856C662537044700D72537 /* Base */ = {isa = PBXFileReference; lastKnownFileType = file.storyboard; name = Base; path = Base.lproj/LaunchScreen.storyboard; sourceTree = "<group>"; };
		79856C682537044700D72537 /* Info.plist */ = {isa = PBXFileReference; lastKnownFileType = text.plist.xml; path = Info.plist; sourceTree = "<group>"; };
		79856C6D2537044700D72537 /* FastlaneWithCodegenTests.xctest */ = {isa = PBXFileReference; explicitFileType = wrapper.cfbundle; includeInIndex = 0; path = FastlaneWithCodegenTests.xctest; sourceTree = BUILT_PRODUCTS_DIR; };
		79856C712537044700D72537 /* FastlaneWithCodegenTests.swift */ = {isa = PBXFileReference; lastKnownFileType = sourcecode.swift; path = FastlaneWithCodegenTests.swift; sourceTree = "<group>"; };
		79856C732537044700D72537 /* Info.plist */ = {isa = PBXFileReference; lastKnownFileType = text.plist.xml; path = Info.plist; sourceTree = "<group>"; };
		79856C782537044700D72537 /* FastlaneWithCodegenUITests.xctest */ = {isa = PBXFileReference; explicitFileType = wrapper.cfbundle; includeInIndex = 0; path = FastlaneWithCodegenUITests.xctest; sourceTree = BUILT_PRODUCTS_DIR; };
		79856C7C2537044700D72537 /* FastlaneWithCodegenUITests.swift */ = {isa = PBXFileReference; lastKnownFileType = sourcecode.swift; path = FastlaneWithCodegenUITests.swift; sourceTree = "<group>"; };
		79856C7E2537044700D72537 /* Info.plist */ = {isa = PBXFileReference; lastKnownFileType = text.plist.xml; path = Info.plist; sourceTree = "<group>"; };
/* End PBXFileReference section */

/* Begin PBXFrameworksBuildPhase section */
		79856C542537044300D72537 /* Frameworks */ = {
			isa = PBXFrameworksBuildPhase;
			buildActionMask = 2147483647;
			files = (
			);
			runOnlyForDeploymentPostprocessing = 0;
		};
		79856C6A2537044700D72537 /* Frameworks */ = {
			isa = PBXFrameworksBuildPhase;
			buildActionMask = 2147483647;
			files = (
			);
			runOnlyForDeploymentPostprocessing = 0;
		};
		79856C752537044700D72537 /* Frameworks */ = {
			isa = PBXFrameworksBuildPhase;
			buildActionMask = 2147483647;
			files = (
			);
			runOnlyForDeploymentPostprocessing = 0;
		};
/* End PBXFrameworksBuildPhase section */

/* Begin PBXGroup section */
		79856C4E2537044300D72537 = {
			isa = PBXGroup;
			children = (
				79856C592537044300D72537 /* FastlaneWithCodegen */,
				79856C702537044700D72537 /* FastlaneWithCodegenTests */,
				79856C7B2537044700D72537 /* FastlaneWithCodegenUITests */,
				79856C582537044300D72537 /* Products */,
			);
			sourceTree = "<group>";
		};
		79856C582537044300D72537 /* Products */ = {
			isa = PBXGroup;
			children = (
				79856C572537044300D72537 /* FastlaneWithCodegen.app */,
				79856C6D2537044700D72537 /* FastlaneWithCodegenTests.xctest */,
				79856C782537044700D72537 /* FastlaneWithCodegenUITests.xctest */,
			);
			name = Products;
			sourceTree = "<group>";
		};
		79856C592537044300D72537 /* FastlaneWithCodegen */ = {
			isa = PBXGroup;
			children = (
				79856C5A2537044300D72537 /* AppDelegate.swift */,
				79856C5C2537044300D72537 /* SceneDelegate.swift */,
				79856C5E2537044300D72537 /* ViewController.swift */,
				79856C602537044300D72537 /* Main.storyboard */,
				79856C632537044700D72537 /* Assets.xcassets */,
				79856C652537044700D72537 /* LaunchScreen.storyboard */,
				79856C682537044700D72537 /* Info.plist */,
			);
			path = FastlaneWithCodegen;
			sourceTree = "<group>";
		};
		79856C702537044700D72537 /* FastlaneWithCodegenTests */ = {
			isa = PBXGroup;
			children = (
				79856C712537044700D72537 /* FastlaneWithCodegenTests.swift */,
				79856C732537044700D72537 /* Info.plist */,
			);
			path = FastlaneWithCodegenTests;
			sourceTree = "<group>";
		};
		79856C7B2537044700D72537 /* FastlaneWithCodegenUITests */ = {
			isa = PBXGroup;
			children = (
				79856C7C2537044700D72537 /* FastlaneWithCodegenUITests.swift */,
				79856C7E2537044700D72537 /* Info.plist */,
			);
			path = FastlaneWithCodegenUITests;
			sourceTree = "<group>";
		};
/* End PBXGroup section */

/* Begin PBXNativeTarget section */
		79856C562537044300D72537 /* FastlaneWithCodegen */ = {
			isa = PBXNativeTarget;
			buildConfigurationList = 79856C812537044700D72537 /* Build configuration list for PBXNativeTarget "FastlaneWithCodegen" */;
			buildPhases = (
				79856C532537044300D72537 /* Sources */,
				79856C542537044300D72537 /* Frameworks */,
				79856C552537044300D72537 /* Resources */,
			);
			buildRules = (
			);
			dependencies = (
			);
			name = FastlaneWithCodegen;
			productName = FastlaneWithCodegen;
			productReference = 79856C572537044300D72537 /* FastlaneWithCodegen.app */;
			productType = "com.apple.product-type.application";
		};
		79856C6C2537044700D72537 /* FastlaneWithCodegenTests */ = {
			isa = PBXNativeTarget;
			buildConfigurationList = 79856C842537044700D72537 /* Build configuration list for PBXNativeTarget "FastlaneWithCodegenTests" */;
			buildPhases = (
				79856C692537044700D72537 /* Sources */,
				79856C6A2537044700D72537 /* Frameworks */,
				79856C6B2537044700D72537 /* Resources */,
			);
			buildRules = (
			);
			dependencies = (
				79856C6F2537044700D72537 /* PBXTargetDependency */,
			);
			name = FastlaneWithCodegenTests;
			productName = FastlaneWithCodegenTests;
			productReference = 79856C6D2537044700D72537 /* FastlaneWithCodegenTests.xctest */;
			productType = "com.apple.product-type.bundle.unit-test";
		};
		79856C772537044700D72537 /* FastlaneWithCodegenUITests */ = {
			isa = PBXNativeTarget;
			buildConfigurationList = 79856C872537044700D72537 /* Build configuration list for PBXNativeTarget "FastlaneWithCodegenUITests" */;
			buildPhases = (
				79856C742537044700D72537 /* Sources */,
				79856C752537044700D72537 /* Frameworks */,
				79856C762537044700D72537 /* Resources */,
			);
			buildRules = (
			);
			dependencies = (
				79856C7A2537044700D72537 /* PBXTargetDependency */,
			);
			name = FastlaneWithCodegenUITests;
			productName = FastlaneWithCodegenUITests;
			productReference = 79856C782537044700D72537 /* FastlaneWithCodegenUITests.xctest */;
			productType = "com.apple.product-type.bundle.ui-testing";
		};
/* End PBXNativeTarget section */

/* Begin PBXProject section */
		79856C4F2537044300D72537 /* Project object */ = {
			isa = PBXProject;
			attributes = {
				LastSwiftUpdateCheck = 1200;
				LastUpgradeCheck = 1200;
				TargetAttributes = {
					79856C562537044300D72537 = {
						CreatedOnToolsVersion = 12.0.1;
					};
					79856C6C2537044700D72537 = {
						CreatedOnToolsVersion = 12.0.1;
						TestTargetID = 79856C562537044300D72537;
					};
					79856C772537044700D72537 = {
						CreatedOnToolsVersion = 12.0.1;
						TestTargetID = 79856C562537044300D72537;
					};
				};
			};
			buildConfigurationList = 79856C522537044300D72537 /* Build configuration list for PBXProject "FastlaneWithCodegen" */;
			compatibilityVersion = "Xcode 9.3";
			developmentRegion = en;
			hasScannedForEncodings = 0;
			knownRegions = (
				en,
				Base,
			);
			mainGroup = 79856C4E2537044300D72537;
			productRefGroup = 79856C582537044300D72537 /* Products */;
			projectDirPath = "";
			projectRoot = "";
			targets = (
				79856C562537044300D72537 /* FastlaneWithCodegen */,
				79856C6C2537044700D72537 /* FastlaneWithCodegenTests */,
				79856C772537044700D72537 /* FastlaneWithCodegenUITests */,
			);
		};
/* End PBXProject section */

/* Begin PBXResourcesBuildPhase section */
		79856C552537044300D72537 /* Resources */ = {
			isa = PBXResourcesBuildPhase;
			buildActionMask = 2147483647;
			files = (
				79856C672537044700D72537 /* LaunchScreen.storyboard in Resources */,
				79856C642537044700D72537 /* Assets.xcassets in Resources */,
				79856C622537044300D72537 /* Main.storyboard in Resources */,
			);
			runOnlyForDeploymentPostprocessing = 0;
		};
		79856C6B2537044700D72537 /* Resources */ = {
			isa = PBXResourcesBuildPhase;
			buildActionMask = 2147483647;
			files = (
			);
			runOnlyForDeploymentPostprocessing = 0;
		};
		79856C762537044700D72537 /* Resources */ = {
			isa = PBXResourcesBuildPhase;
			buildActionMask = 2147483647;
			files = (
			);
			runOnlyForDeploymentPostprocessing = 0;
		};
/* End PBXResourcesBuildPhase section */

/* Begin PBXSourcesBuildPhase section */
		79856C532537044300D72537 /* Sources */ = {
			isa = PBXSourcesBuildPhase;
			buildActionMask = 2147483647;
			files = (
				79856C5F2537044300D72537 /* ViewController.swift in Sources */,
				79856C5B2537044300D72537 /* AppDelegate.swift in Sources */,
				79856C5D2537044300D72537 /* SceneDelegate.swift in Sources */,
			);
			runOnlyForDeploymentPostprocessing = 0;
		};
		79856C692537044700D72537 /* Sources */ = {
			isa = PBXSourcesBuildPhase;
			buildActionMask = 2147483647;
			files = (
				79856C722537044700D72537 /* FastlaneWithCodegenTests.swift in Sources */,
			);
			runOnlyForDeploymentPostprocessing = 0;
		};
		79856C742537044700D72537 /* Sources */ = {
			isa = PBXSourcesBuildPhase;
			buildActionMask = 2147483647;
			files = (
				79856C7D2537044700D72537 /* FastlaneWithCodegenUITests.swift in Sources */,
			);
			runOnlyForDeploymentPostprocessing = 0;
		};
/* End PBXSourcesBuildPhase section */

/* Begin PBXTargetDependency section */
		79856C6F2537044700D72537 /* PBXTargetDependency */ = {
			isa = PBXTargetDependency;
			target = 79856C562537044300D72537 /* FastlaneWithCodegen */;
			targetProxy = 79856C6E2537044700D72537 /* PBXContainerItemProxy */;
		};
		79856C7A2537044700D72537 /* PBXTargetDependency */ = {
			isa = PBXTargetDependency;
			target = 79856C562537044300D72537 /* FastlaneWithCodegen */;
			targetProxy = 79856C792537044700D72537 /* PBXContainerItemProxy */;
		};
/* End PBXTargetDependency section */

/* Begin PBXVariantGroup section */
		79856C602537044300D72537 /* Main.storyboard */ = {
			isa = PBXVariantGroup;
			children = (
				79856C612537044300D72537 /* Base */,
			);
			name = Main.storyboard;
			sourceTree = "<group>";
		};
		79856C652537044700D72537 /* LaunchScreen.storyboard */ = {
			isa = PBXVariantGroup;
			children = (
				79856C662537044700D72537 /* Base */,
			);
			name = LaunchScreen.storyboard;
			sourceTree = "<group>";
		};
/* End PBXVariantGroup section */

/* Begin XCBuildConfiguration section */
		79856C7F2537044700D72537 /* Debug */ = {
			isa = XCBuildConfiguration;
			buildSettings = {
				ALWAYS_SEARCH_USER_PATHS = NO;
				CLANG_ANALYZER_NONNULL = YES;
				CLANG_ANALYZER_NUMBER_OBJECT_CONVERSION = YES_AGGRESSIVE;
				CLANG_CXX_LANGUAGE_STANDARD = "gnu++14";
				CLANG_CXX_LIBRARY = "libc++";
				CLANG_ENABLE_MODULES = YES;
				CLANG_ENABLE_OBJC_ARC = YES;
				CLANG_ENABLE_OBJC_WEAK = YES;
				CLANG_WARN_BLOCK_CAPTURE_AUTORELEASING = YES;
				CLANG_WARN_BOOL_CONVERSION = YES;
				CLANG_WARN_COMMA = YES;
				CLANG_WARN_CONSTANT_CONVERSION = YES;
				CLANG_WARN_DEPRECATED_OBJC_IMPLEMENTATIONS = YES;
				CLANG_WARN_DIRECT_OBJC_ISA_USAGE = YES_ERROR;
				CLANG_WARN_DOCUMENTATION_COMMENTS = YES;
				CLANG_WARN_EMPTY_BODY = YES;
				CLANG_WARN_ENUM_CONVERSION = YES;
				CLANG_WARN_INFINITE_RECURSION = YES;
				CLANG_WARN_INT_CONVERSION = YES;
				CLANG_WARN_NON_LITERAL_NULL_CONVERSION = YES;
				CLANG_WARN_OBJC_IMPLICIT_RETAIN_SELF = YES;
				CLANG_WARN_OBJC_LITERAL_CONVERSION = YES;
				CLANG_WARN_OBJC_ROOT_CLASS = YES_ERROR;
				CLANG_WARN_QUOTED_INCLUDE_IN_FRAMEWORK_HEADER = YES;
				CLANG_WARN_RANGE_LOOP_ANALYSIS = YES;
				CLANG_WARN_STRICT_PROTOTYPES = YES;
				CLANG_WARN_SUSPICIOUS_MOVE = YES;
				CLANG_WARN_UNGUARDED_AVAILABILITY = YES_AGGRESSIVE;
				CLANG_WARN_UNREACHABLE_CODE = YES;
				CLANG_WARN__DUPLICATE_METHOD_MATCH = YES;
				COPY_PHASE_STRIP = NO;
				DEBUG_INFORMATION_FORMAT = dwarf;
				ENABLE_STRICT_OBJC_MSGSEND = YES;
				ENABLE_TESTABILITY = YES;
				GCC_C_LANGUAGE_STANDARD = gnu11;
				GCC_DYNAMIC_NO_PIC = NO;
				GCC_NO_COMMON_BLOCKS = YES;
				GCC_OPTIMIZATION_LEVEL = 0;
				GCC_PREPROCESSOR_DEFINITIONS = (
					"DEBUG=1",
					"$(inherited)",
				);
				GCC_WARN_64_TO_32_BIT_CONVERSION = YES;
				GCC_WARN_ABOUT_RETURN_TYPE = YES_ERROR;
				GCC_WARN_UNDECLARED_SELECTOR = YES;
				GCC_WARN_UNINITIALIZED_AUTOS = YES_AGGRESSIVE;
				GCC_WARN_UNUSED_FUNCTION = YES;
				GCC_WARN_UNUSED_VARIABLE = YES;
				IPHONEOS_DEPLOYMENT_TARGET = 14.0;
				MTL_ENABLE_DEBUG_INFO = INCLUDE_SOURCE;
				MTL_FAST_MATH = YES;
				ONLY_ACTIVE_ARCH = YES;
				SDKROOT = iphoneos;
				SWIFT_ACTIVE_COMPILATION_CONDITIONS = DEBUG;
				SWIFT_OPTIMIZATION_LEVEL = "-Onone";
			};
			name = Debug;
		};
		79856C802537044700D72537 /* Release */ = {
			isa = XCBuildConfiguration;
			buildSettings = {
				ALWAYS_SEARCH_USER_PATHS = NO;
				CLANG_ANALYZER_NONNULL = YES;
				CLANG_ANALYZER_NUMBER_OBJECT_CONVERSION = YES_AGGRESSIVE;
				CLANG_CXX_LANGUAGE_STANDARD = "gnu++14";
				CLANG_CXX_LIBRARY = "libc++";
				CLANG_ENABLE_MODULES = YES;
				CLANG_ENABLE_OBJC_ARC = YES;
				CLANG_ENABLE_OBJC_WEAK = YES;
				CLANG_WARN_BLOCK_CAPTURE_AUTORELEASING = YES;
				CLANG_WARN_BOOL_CONVERSION = YES;
				CLANG_WARN_COMMA = YES;
				CLANG_WARN_CONSTANT_CONVERSION = YES;
				CLANG_WARN_DEPRECATED_OBJC_IMPLEMENTATIONS = YES;
				CLANG_WARN_DIRECT_OBJC_ISA_USAGE = YES_ERROR;
				CLANG_WARN_DOCUMENTATION_COMMENTS = YES;
				CLANG_WARN_EMPTY_BODY = YES;
				CLANG_WARN_ENUM_CONVERSION = YES;
				CLANG_WARN_INFINITE_RECURSION = YES;
				CLANG_WARN_INT_CONVERSION = YES;
				CLANG_WARN_NON_LITERAL_NULL_CONVERSION = YES;
				CLANG_WARN_OBJC_IMPLICIT_RETAIN_SELF = YES;
				CLANG_WARN_OBJC_LITERAL_CONVERSION = YES;
				CLANG_WARN_OBJC_ROOT_CLASS = YES_ERROR;
				CLANG_WARN_QUOTED_INCLUDE_IN_FRAMEWORK_HEADER = YES;
				CLANG_WARN_RANGE_LOOP_ANALYSIS = YES;
				CLANG_WARN_STRICT_PROTOTYPES = YES;
				CLANG_WARN_SUSPICIOUS_MOVE = YES;
				CLANG_WARN_UNGUARDED_AVAILABILITY = YES_AGGRESSIVE;
				CLANG_WARN_UNREACHABLE_CODE = YES;
				CLANG_WARN__DUPLICATE_METHOD_MATCH = YES;
				COPY_PHASE_STRIP = NO;
				DEBUG_INFORMATION_FORMAT = "dwarf-with-dsym";
				ENABLE_NS_ASSERTIONS = NO;
				ENABLE_STRICT_OBJC_MSGSEND = YES;
				GCC_C_LANGUAGE_STANDARD = gnu11;
				GCC_NO_COMMON_BLOCKS = YES;
				GCC_WARN_64_TO_32_BIT_CONVERSION = YES;
				GCC_WARN_ABOUT_RETURN_TYPE = YES_ERROR;
				GCC_WARN_UNDECLARED_SELECTOR = YES;
				GCC_WARN_UNINITIALIZED_AUTOS = YES_AGGRESSIVE;
				GCC_WARN_UNUSED_FUNCTION = YES;
				GCC_WARN_UNUSED_VARIABLE = YES;
				IPHONEOS_DEPLOYMENT_TARGET = 14.0;
				MTL_ENABLE_DEBUG_INFO = NO;
				MTL_FAST_MATH = YES;
				SDKROOT = iphoneos;
				SWIFT_COMPILATION_MODE = wholemodule;
				SWIFT_OPTIMIZATION_LEVEL = "-O";
				VALIDATE_PRODUCT = YES;
			};
			name = Release;
		};
		79856C822537044700D72537 /* Debug */ = {
			isa = XCBuildConfiguration;
			buildSettings = {
				ASSETCATALOG_COMPILER_APPICON_NAME = AppIcon;
				ASSETCATALOG_COMPILER_GLOBAL_ACCENT_COLOR_NAME = AccentColor;
				CODE_SIGN_STYLE = Automatic;
				DEVELOPMENT_TEAM = 3AZYZ34554;
				INFOPLIST_FILE = FastlaneWithCodegen/Info.plist;
				LD_RUNPATH_SEARCH_PATHS = (
					"$(inherited)",
					"@executable_path/Frameworks",
				);
				PRODUCT_BUNDLE_IDENTIFIER = jp.lebe.FastlaneWithCodegen;
				PRODUCT_NAME = "$(TARGET_NAME)";
				SWIFT_VERSION = 5.0;
				TARGETED_DEVICE_FAMILY = "1,2";
			};
			name = Debug;
		};
		79856C832537044700D72537 /* Release */ = {
			isa = XCBuildConfiguration;
			buildSettings = {
				ASSETCATALOG_COMPILER_APPICON_NAME = AppIcon;
				ASSETCATALOG_COMPILER_GLOBAL_ACCENT_COLOR_NAME = AccentColor;
				CODE_SIGN_STYLE = Automatic;
				DEVELOPMENT_TEAM = 3AZYZ34554;
				INFOPLIST_FILE = FastlaneWithCodegen/Info.plist;
				LD_RUNPATH_SEARCH_PATHS = (
					"$(inherited)",
					"@executable_path/Frameworks",
				);
				PRODUCT_BUNDLE_IDENTIFIER = jp.lebe.FastlaneWithCodegen;
				PRODUCT_NAME = "$(TARGET_NAME)";
				SWIFT_VERSION = 5.0;
				TARGETED_DEVICE_FAMILY = "1,2";
			};
			name = Release;
		};
		79856C852537044700D72537 /* Debug */ = {
			isa = XCBuildConfiguration;
			buildSettings = {
				ALWAYS_EMBED_SWIFT_STANDARD_LIBRARIES = YES;
				BUNDLE_LOADER = "$(TEST_HOST)";
				CODE_SIGN_STYLE = Automatic;
				DEVELOPMENT_TEAM = 3AZYZ34554;
				INFOPLIST_FILE = FastlaneWithCodegenTests/Info.plist;
				IPHONEOS_DEPLOYMENT_TARGET = 14.0;
				LD_RUNPATH_SEARCH_PATHS = (
					"$(inherited)",
					"@executable_path/Frameworks",
					"@loader_path/Frameworks",
				);
				PRODUCT_BUNDLE_IDENTIFIER = jp.lebe.FastlaneWithCodegenTests;
				PRODUCT_NAME = "$(TARGET_NAME)";
				SWIFT_VERSION = 5.0;
				TARGETED_DEVICE_FAMILY = "1,2";
				TEST_HOST = "$(BUILT_PRODUCTS_DIR)/FastlaneWithCodegen.app/FastlaneWithCodegen";
			};
			name = Debug;
		};
		79856C862537044700D72537 /* Release */ = {
			isa = XCBuildConfiguration;
			buildSettings = {
				ALWAYS_EMBED_SWIFT_STANDARD_LIBRARIES = YES;
				BUNDLE_LOADER = "$(TEST_HOST)";
				CODE_SIGN_STYLE = Automatic;
				DEVELOPMENT_TEAM = 3AZYZ34554;
				INFOPLIST_FILE = FastlaneWithCodegenTests/Info.plist;
				IPHONEOS_DEPLOYMENT_TARGET = 14.0;
				LD_RUNPATH_SEARCH_PATHS = (
					"$(inherited)",
					"@executable_path/Frameworks",
					"@loader_path/Frameworks",
				);
				PRODUCT_BUNDLE_IDENTIFIER = jp.lebe.FastlaneWithCodegenTests;
				PRODUCT_NAME = "$(TARGET_NAME)";
				SWIFT_VERSION = 5.0;
				TARGETED_DEVICE_FAMILY = "1,2";
				TEST_HOST = "$(BUILT_PRODUCTS_DIR)/FastlaneWithCodegen.app/FastlaneWithCodegen";
			};
			name = Release;
		};
		79856C882537044700D72537 /* Debug */ = {
			isa = XCBuildConfiguration;
			buildSettings = {
				ALWAYS_EMBED_SWIFT_STANDARD_LIBRARIES = YES;
				CODE_SIGN_STYLE = Automatic;
				DEVELOPMENT_TEAM = 3AZYZ34554;
				INFOPLIST_FILE = FastlaneWithCodegenUITests/Info.plist;
				LD_RUNPATH_SEARCH_PATHS = (
					"$(inherited)",
					"@executable_path/Frameworks",
					"@loader_path/Frameworks",
				);
				PRODUCT_BUNDLE_IDENTIFIER = jp.lebe.FastlaneWithCodegenUITests;
				PRODUCT_NAME = "$(TARGET_NAME)";
				SWIFT_VERSION = 5.0;
				TARGETED_DEVICE_FAMILY = "1,2";
				TEST_TARGET_NAME = FastlaneWithCodegen;
			};
			name = Debug;
		};
		79856C892537044700D72537 /* Release */ = {
			isa = XCBuildConfiguration;
			buildSettings = {
				ALWAYS_EMBED_SWIFT_STANDARD_LIBRARIES = YES;
				CODE_SIGN_STYLE = Automatic;
				DEVELOPMENT_TEAM = 3AZYZ34554;
				INFOPLIST_FILE = FastlaneWithCodegenUITests/Info.plist;
				LD_RUNPATH_SEARCH_PATHS = (
					"$(inherited)",
					"@executable_path/Frameworks",
					"@loader_path/Frameworks",
				);
				PRODUCT_BUNDLE_IDENTIFIER = jp.lebe.FastlaneWithCodegenUITests;
				PRODUCT_NAME = "$(TARGET_NAME)";
				SWIFT_VERSION = 5.0;
				TARGETED_DEVICE_FAMILY = "1,2";
				TEST_TARGET_NAME = FastlaneWithCodegen;
			};
			name = Release;
		};
/* End XCBuildConfiguration section */

/* Begin XCConfigurationList section */
		79856C522537044300D72537 /* Build configuration list for PBXProject "FastlaneWithCodegen" */ = {
			isa = XCConfigurationList;
			buildConfigurations = (
				79856C7F2537044700D72537 /* Debug */,
				79856C802537044700D72537 /* Release */,
			);
			defaultConfigurationIsVisible = 0;
			defaultConfigurationName = Release;
		};
		79856C812537044700D72537 /* Build configuration list for PBXNativeTarget "FastlaneWithCodegen" */ = {
			isa = XCConfigurationList;
			buildConfigurations = (
				79856C822537044700D72537 /* Debug */,
				79856C832537044700D72537 /* Release */,
			);
			defaultConfigurationIsVisible = 0;
			defaultConfigurationName = Release;
		};
		79856C842537044700D72537 /* Build configuration list for PBXNativeTarget "FastlaneWithCodegenTests" */ = {
			isa = XCConfigurationList;
			buildConfigurations = (
				79856C852537044700D72537 /* Debug */,
				79856C862537044700D72537 /* Release */,
			);
			defaultConfigurationIsVisible = 0;
			defaultConfigurationName = Release;
		};
		79856C872537044700D72537 /* Build configuration list for PBXNativeTarget "FastlaneWithCodegenUITests" */ = {
			isa = XCConfigurationList;
			buildConfigurations = (
				79856C882537044700D72537 /* Debug */,
				79856C892537044700D72537 /* Release */,
			);
			defaultConfigurationIsVisible = 0;
			defaultConfigurationName = Release;
		};
/* End XCConfigurationList section */
	};
	rootObject = 79856C4F2537044300D72537 /* Project object */;
}
